
Microsoft Visual Studio Solution File, Format Version 12.00
# Visual Studio Version 16
VisualStudioVersion = 16.0.32802.440
MinimumVisualStudioVersion = 10.0.40219.1
Project("{FAE04EC0-301F-11D3-BF4B-00C04F79EFBC}") = "AplicacionProducto", "AplicacionProducto\AplicacionProducto.csproj", "{268C7E6F-1BF5-4224-92DC-51E03F8D8753}"
EndProject
Global
	GlobalSection(SolutionConfigurationPlatforms) = preSolution
		Debug|Any CPU = Debug|Any CPU
		Release|Any CPU = Release|Any CPU
	EndGlobalSection
	GlobalSection(ProjectConfigurationPlatforms) = postSolution
		{268C7E6F-1BF5-4224-92DC-51E03F8D8753}.Debug|Any CPU.ActiveCfg = Debug|Any CPU
		{268C7E6F-1BF5-4224-92DC-51E03F8D8753}.Debug|Any CPU.Build.0 = Debug|Any CPU
		{268C7E6F-1BF5-4224-92DC-51E03F8D8753}.Release|Any CPU.ActiveCfg = Release|Any CPU
		{268C7E6F-1BF5-4224-92DC-51E03F8D8753}.Release|Any CPU.Build.0 = Release|Any CPU
	EndGlobalSection
	GlobalSection(SolutionProperties) = preSolution
		HideSolutionNode = FALSE
	EndGlobalSection
	GlobalSection(ExtensibilityGlobals) = postSolution
		SolutionGuid = {FE14804C-662C-4703-905C-822C8A298B55}
	EndGlobalSection
EndGlobal
