
Microsoft Visual Studio Solution File, Format Version 12.00
# Visual Studio Version 17
VisualStudioVersion = 17.10.34928.147
MinimumVisualStudioVersion = 10.0.40219.1
Project("{FAE04EC0-301F-11D3-BF4B-00C04F79EFBC}") = "AplicacionProducto0", "AplicacionProducto0\AplicacionProducto0.csproj", "{11A3A065-453B-4A4A-82C3-A8D68C3EDCFA}"
EndProject
Global
	GlobalSection(SolutionConfigurationPlatforms) = preSolution
		Debug|Any CPU = Debug|Any CPU
		Release|Any CPU = Release|Any CPU
	EndGlobalSection
	GlobalSection(ProjectConfigurationPlatforms) = postSolution
		{11A3A065-453B-4A4A-82C3-A8D68C3EDCFA}.Debug|Any CPU.ActiveCfg = Debug|Any CPU
		{11A3A065-453B-4A4A-82C3-A8D68C3EDCFA}.Debug|Any CPU.Build.0 = Debug|Any CPU
		{11A3A065-453B-4A4A-82C3-A8D68C3EDCFA}.Release|Any CPU.ActiveCfg = Release|Any CPU
		{11A3A065-453B-4A4A-82C3-A8D68C3EDCFA}.Release|Any CPU.Build.0 = Release|Any CPU
	EndGlobalSection
	GlobalSection(SolutionProperties) = preSolution
		HideSolutionNode = FALSE
	EndGlobalSection
	GlobalSection(ExtensibilityGlobals) = postSolution
		SolutionGuid = {CAA2B349-21D4-472E-850C-AD023127710D}
	EndGlobalSection
EndGlobal
